github.com/k4k3ru-hub/cli-go v0.0.0-20250317071451-c8b3c7187958 h1:OUIu2VouMnVCpW/633suSxYQJdx/dN9nh2ivij0xKaQ=
github.com/k4k3ru-hub/cli-go v0.0.0-20250317071451-c8b3c7187958/go.mod h1:K6uUxRiyMbWRPjPULQ7KNMhmjAXafRAocEAjpoOTRoA=
github.com/k4k3ru-hub/cli-go v0.1.0 h1:HuvsdP1o/richT3UwNXS8LAZFj87U2E+zVkI1y7nzEs=
github.com/k4k3ru-hub/cli-go v0.1.0/go.mod h1:K6uUxRiyMbWRPjPULQ7KNMhmjAXafRAocEAjpoOTRoA=
github.com/k4k3ru-hub/cli-go v0.1.1 h1:35Bp/SW4u3LBwnvDOdw9Rf27VSmLsWgfcb9H3lOU+Xc=
github.com/k4k3ru-hub/cli-go v0.1.1/go.mod h1:K6uUxRiyMbWRPjPULQ7KNMhmjAXafRAocEAjpoOTRoA=
